
Microsoft Visual Studio Solution File, Format Version 12.00
# Visual Studio Version 17
VisualStudioVersion = 17.5.002.0
MinimumVisualStudioVersion = 10.0.40219.1
Project("{9A19103F-16F7-4668-BE54-9A1E7A4F7556}") = "classes", "Classes\classes.csproj", "{0CE4E41F-A935-447F-91D8-EF585747CE78}"
EndProject
Project("{9A19103F-16F7-4668-BE54-9A1E7A4F7556}") = "dotnet", "exemplo-fundamentos\dotnet.csproj", "{96116ACE-F043-4632-B6F5-507C96B3C7DD}"
EndProject
Project("{9A19103F-16F7-4668-BE54-9A1E7A4F7556}") = "sintaxe-e-convencoes", "sintaxe-e-convencoes\sintaxe-e-convencoes.csproj", "{BE2416D1-61AE-4FD5-8614-5273423A0334}"
EndProject
Global
	GlobalSection(SolutionConfigurationPlatforms) = preSolution
		Debug|Any CPU = Debug|Any CPU
		Release|Any CPU = Release|Any CPU
	EndGlobalSection
	GlobalSection(ProjectConfigurationPlatforms) = postSolution
		{0CE4E41F-A935-447F-91D8-EF585747CE78}.Debug|Any CPU.ActiveCfg = Debug|Any CPU
		{0CE4E41F-A935-447F-91D8-EF585747CE78}.Debug|Any CPU.Build.0 = Debug|Any CPU
		{0CE4E41F-A935-447F-91D8-EF585747CE78}.Release|Any CPU.ActiveCfg = Release|Any CPU
		{0CE4E41F-A935-447F-91D8-EF585747CE78}.Release|Any CPU.Build.0 = Release|Any CPU
		{96116ACE-F043-4632-B6F5-507C96B3C7DD}.Debug|Any CPU.ActiveCfg = Debug|Any CPU
		{96116ACE-F043-4632-B6F5-507C96B3C7DD}.Debug|Any CPU.Build.0 = Debug|Any CPU
		{96116ACE-F043-4632-B6F5-507C96B3C7DD}.Release|Any CPU.ActiveCfg = Release|Any CPU
		{96116ACE-F043-4632-B6F5-507C96B3C7DD}.Release|Any CPU.Build.0 = Release|Any CPU
		{BE2416D1-61AE-4FD5-8614-5273423A0334}.Debug|Any CPU.ActiveCfg = Debug|Any CPU
		{BE2416D1-61AE-4FD5-8614-5273423A0334}.Debug|Any CPU.Build.0 = Debug|Any CPU
		{BE2416D1-61AE-4FD5-8614-5273423A0334}.Release|Any CPU.ActiveCfg = Release|Any CPU
		{BE2416D1-61AE-4FD5-8614-5273423A0334}.Release|Any CPU.Build.0 = Release|Any CPU
	EndGlobalSection
	GlobalSection(SolutionProperties) = preSolution
		HideSolutionNode = FALSE
	EndGlobalSection
	GlobalSection(ExtensibilityGlobals) = postSolution
		SolutionGuid = {E4F1CC66-3920-4C25-98AF-18793674D5F1}
	EndGlobalSection
EndGlobal
