
Microsoft Visual Studio Solution File, Format Version 12.00
# Visual Studio Version 17
VisualStudioVersion = 17.5.002.0
MinimumVisualStudioVersion = 10.0.40219.1
Project("{9A19103F-16F7-4668-BE54-9A1E7A4F7556}") = "cadastro-alunos", "cadastro-alunos.csproj", "{BB3A171A-025E-4C1F-AB50-AAE66A9CE293}"
EndProject
Global
	GlobalSection(SolutionConfigurationPlatforms) = preSolution
		Debug|Any CPU = Debug|Any CPU
		Release|Any CPU = Release|Any CPU
	EndGlobalSection
	GlobalSection(ProjectConfigurationPlatforms) = postSolution
		{BB3A171A-025E-4C1F-AB50-AAE66A9CE293}.Debug|Any CPU.ActiveCfg = Debug|Any CPU
		{BB3A171A-025E-4C1F-AB50-AAE66A9CE293}.Debug|Any CPU.Build.0 = Debug|Any CPU
		{BB3A171A-025E-4C1F-AB50-AAE66A9CE293}.Release|Any CPU.ActiveCfg = Release|Any CPU
		{BB3A171A-025E-4C1F-AB50-AAE66A9CE293}.Release|Any CPU.Build.0 = Release|Any CPU
	EndGlobalSection
	GlobalSection(SolutionProperties) = preSolution
		HideSolutionNode = FALSE
	EndGlobalSection
	GlobalSection(ExtensibilityGlobals) = postSolution
		SolutionGuid = {0F523A09-3380-4718-AB63-A6465DA0055E}
	EndGlobalSection
EndGlobal
