
Microsoft Visual Studio Solution File, Format Version 12.00
# Visual Studio Version 17
VisualStudioVersion = 17.5.002.0
MinimumVisualStudioVersion = 10.0.40219.1
Project("{9A19103F-16F7-4668-BE54-9A1E7A4F7556}") = "gerador-mensagem", "gerador-mensagem.csproj", "{3C95D428-7DAC-4F66-826D-275C56D47CF5}"
EndProject
Global
	GlobalSection(SolutionConfigurationPlatforms) = preSolution
		Debug|Any CPU = Debug|Any CPU
		Release|Any CPU = Release|Any CPU
	EndGlobalSection
	GlobalSection(ProjectConfigurationPlatforms) = postSolution
		{3C95D428-7DAC-4F66-826D-275C56D47CF5}.Debug|Any CPU.ActiveCfg = Debug|Any CPU
		{3C95D428-7DAC-4F66-826D-275C56D47CF5}.Debug|Any CPU.Build.0 = Debug|Any CPU
		{3C95D428-7DAC-4F66-826D-275C56D47CF5}.Release|Any CPU.ActiveCfg = Release|Any CPU
		{3C95D428-7DAC-4F66-826D-275C56D47CF5}.Release|Any CPU.Build.0 = Release|Any CPU
	EndGlobalSection
	GlobalSection(SolutionProperties) = preSolution
		HideSolutionNode = FALSE
	EndGlobalSection
	GlobalSection(ExtensibilityGlobals) = postSolution
		SolutionGuid = {2F17DF7E-627D-4CBA-A5FA-8CB075C026CF}
	EndGlobalSection
EndGlobal
