
Microsoft Visual Studio Solution File, Format Version 12.00
# Visual Studio Version 17
VisualStudioVersion = 17.5.002.0
MinimumVisualStudioVersion = 10.0.40219.1
Project("{9A19103F-16F7-4668-BE54-9A1E7A4F7556}") = "classe-pessoa", "classe-pessoa\classe-pessoa.csproj", "{597A7EA3-8D73-41E8-90B9-1A01D806A143}"
EndProject
Global
	GlobalSection(SolutionConfigurationPlatforms) = preSolution
		Debug|Any CPU = Debug|Any CPU
		Release|Any CPU = Release|Any CPU
	EndGlobalSection
	GlobalSection(ProjectConfigurationPlatforms) = postSolution
		{597A7EA3-8D73-41E8-90B9-1A01D806A143}.Debug|Any CPU.ActiveCfg = Debug|Any CPU
		{597A7EA3-8D73-41E8-90B9-1A01D806A143}.Debug|Any CPU.Build.0 = Debug|Any CPU
		{597A7EA3-8D73-41E8-90B9-1A01D806A143}.Release|Any CPU.ActiveCfg = Release|Any CPU
		{597A7EA3-8D73-41E8-90B9-1A01D806A143}.Release|Any CPU.Build.0 = Release|Any CPU
	EndGlobalSection
	GlobalSection(SolutionProperties) = preSolution
		HideSolutionNode = FALSE
	EndGlobalSection
	GlobalSection(ExtensibilityGlobals) = postSolution
		SolutionGuid = {988668E4-B245-496B-B4E2-73D6F3E607D9}
	EndGlobalSection
EndGlobal
